[dependencies]
  [dependencies.argo-cd]
    name = "argo-cd"
    full_name = "argo-cd_3.1.8"
    version = "3.1.8"
    sum = "vXrMf94g5fK/EsXiD0mgNErgSNckbwEpHoLDADGuUl0="
    reg = "ghcr.io"
    repo = "kcl-lang/argo-cd"
    oci_tag = "3.1.8"
  [dependencies.crossplane-provider-helm]
    name = "crossplane-provider-helm"
    full_name = "crossplane-provider-helm_0.13.2"
    version = "0.13.2"
    sum = "GMQRiogg5A19N/waqjcCsTG5aZxI8mOfenGCpgtSeTM="
    reg = "ghcr.io"
    repo = "kcl-lang/crossplane-provider-helm"
    oci_tag = "0.13.2"
  [dependencies.crossplane-provider-kubernetes]
    name = "crossplane-provider-kubernetes"
    full_name = "crossplane-provider-kubernetes_0.18.0"
    version = "0.18.0"
    sum = "ruN1sWzJH2c+TMCp51KNKdP1PCgz+ZMwBunZKpIEYVs="
    reg = "ghcr.io"
    repo = "kcl-lang/crossplane-provider-kubernetes"
    oci_tag = "0.18.0"
  [dependencies.k8s]
    name = "k8s"
    full_name = "k8s_1.32.4"
    version = "1.32.4"
    sum = "WrltC/mTXtdzmhBZxlvM71wJL5C/UZ/vW+bF3nFvNbM="
    reg = "ghcr.io"
    repo = "kcl-lang/k8s"
    oci_tag = "1.32.4"
  [dependencies.vcluster_config]
    name = "vcluster_config"
    full_name = "vcluster_config_0.30.0"
    version = "0.30.0"
    url = "https://github.com/SimSimY/kcl-vcluster-config"
    commit = "3af8de0"
